
Microsoft Visual Studio Solution File, Format Version 12.00
# Visual Studio Version 16
VisualStudioVersion = 16.0.31911.196
MinimumVisualStudioVersion = 10.0.40219.1
Project("{8BC9CEB8-8B4A-11D0-8D11-00A0C91BC942}") = "battleadventuregame", "battleadventuregame\battleadventuregame.vcxproj", "{643AAE31-50FB-4CA8-9E3C-4DD5B4DBD313}"
EndProject
Global
	GlobalSection(SolutionConfigurationPlatforms) = preSolution
		Debug|x64 = Debug|x64
		Debug|x86 = Debug|x86
		Release|x64 = Release|x64
		Release|x86 = Release|x86
	EndGlobalSection
	GlobalSection(ProjectConfigurationPlatforms) = postSolution
		{643AAE31-50FB-4CA8-9E3C-4DD5B4DBD313}.Debug|x64.ActiveCfg = Debug|x64
		{643AAE31-50FB-4CA8-9E3C-4DD5B4DBD313}.Debug|x64.Build.0 = Debug|x64
		{643AAE31-50FB-4CA8-9E3C-4DD5B4DBD313}.Debug|x86.ActiveCfg = Debug|Win32
		{643AAE31-50FB-4CA8-9E3C-4DD5B4DBD313}.Debug|x86.Build.0 = Debug|Win32
		{643AAE31-50FB-4CA8-9E3C-4DD5B4DBD313}.Release|x64.ActiveCfg = Release|x64
		{643AAE31-50FB-4CA8-9E3C-4DD5B4DBD313}.Release|x64.Build.0 = Release|x64
		{643AAE31-50FB-4CA8-9E3C-4DD5B4DBD313}.Release|x86.ActiveCfg = Release|Win32
		{643AAE31-50FB-4CA8-9E3C-4DD5B4DBD313}.Release|x86.Build.0 = Release|Win32
	EndGlobalSection
	GlobalSection(SolutionProperties) = preSolution
		HideSolutionNode = FALSE
	EndGlobalSection
	GlobalSection(ExtensibilityGlobals) = postSolution
		SolutionGuid = {6EE07152-FC6E-4005-AD56-DE11444A05D8}
	EndGlobalSection
EndGlobal
